
Microsoft Visual Studio Solution File, Format Version 12.00
# Visual Studio Version 17
VisualStudioVersion = 17.14.36327.8 d17.14
MinimumVisualStudioVersion = 10.0.40219.1
Project("{FAE04EC0-301F-11D3-BF4B-00C04F79EFBC}") = "Cajero", "Cajero\Cajero.csproj", "{0CA6DCD5-40EA-4A5D-8361-B49562628F0B}"
EndProject
Global
	GlobalSection(SolutionConfigurationPlatforms) = preSolution
		Debug|Any CPU = Debug|Any CPU
		Release|Any CPU = Release|Any CPU
	EndGlobalSection
	GlobalSection(ProjectConfigurationPlatforms) = postSolution
		{0CA6DCD5-40EA-4A5D-8361-B49562628F0B}.Debug|Any CPU.ActiveCfg = Debug|Any CPU
		{0CA6DCD5-40EA-4A5D-8361-B49562628F0B}.Debug|Any CPU.Build.0 = Debug|Any CPU
		{0CA6DCD5-40EA-4A5D-8361-B49562628F0B}.Release|Any CPU.ActiveCfg = Release|Any CPU
		{0CA6DCD5-40EA-4A5D-8361-B49562628F0B}.Release|Any CPU.Build.0 = Release|Any CPU
	EndGlobalSection
	GlobalSection(SolutionProperties) = preSolution
		HideSolutionNode = FALSE
	EndGlobalSection
	GlobalSection(ExtensibilityGlobals) = postSolution
		SolutionGuid = {51F5B79C-F52E-4613-BD6C-09E92FD76B73}
	EndGlobalSection
EndGlobal
